
Microsoft Visual Studio Solution File, Format Version 12.00
# Visual Studio Version 16
VisualStudioVersion = 16.0.30804.86
MinimumVisualStudioVersion = 10.0.40219.1
Project("{9A19103F-16F7-4668-BE54-9A1E7A4F7556}") = "LiveEcommerce.Orders.API", "LiveEcommerce.Orders.API\LiveEcommerce.Orders.API.csproj", "{5397AE00-1FFD-482E-8DD5-7F76A96DF543}"
EndProject
Project("{FAE04EC0-301F-11D3-BF4B-00C04F79EFBC}") = "LiveEcommerce.Orders.Application", "LiveEcommerce.Orders.Application\LiveEcommerce.Orders.Application.csproj", "{A8168DD5-E6D8-4B0A-B166-E46F796F6551}"
EndProject
Project("{FAE04EC0-301F-11D3-BF4B-00C04F79EFBC}") = "LiveEcommerce.Orders.Infrastructure", "LiveEcommerce.Orders.Infrastructure\LiveEcommerce.Orders.Infrastructure.csproj", "{BC076E52-8481-4359-A0C7-928A08BB7119}"
EndProject
Project("{FAE04EC0-301F-11D3-BF4B-00C04F79EFBC}") = "LiveEcommerce.Orders.Core", "LiveEcommerce.Orders.Core\LiveEcommerce.Orders.Core.csproj", "{320E69F8-6406-49D1-AB47-D8125E67804A}"
EndProject
Global
	GlobalSection(SolutionConfigurationPlatforms) = preSolution
		Debug|Any CPU = Debug|Any CPU
		Release|Any CPU = Release|Any CPU
	EndGlobalSection
	GlobalSection(ProjectConfigurationPlatforms) = postSolution
		{5397AE00-1FFD-482E-8DD5-7F76A96DF543}.Debug|Any CPU.ActiveCfg = Debug|Any CPU
		{5397AE00-1FFD-482E-8DD5-7F76A96DF543}.Debug|Any CPU.Build.0 = Debug|Any CPU
		{5397AE00-1FFD-482E-8DD5-7F76A96DF543}.Release|Any CPU.ActiveCfg = Release|Any CPU
		{5397AE00-1FFD-482E-8DD5-7F76A96DF543}.Release|Any CPU.Build.0 = Release|Any CPU
		{A8168DD5-E6D8-4B0A-B166-E46F796F6551}.Debug|Any CPU.ActiveCfg = Debug|Any CPU
		{A8168DD5-E6D8-4B0A-B166-E46F796F6551}.Debug|Any CPU.Build.0 = Debug|Any CPU
		{A8168DD5-E6D8-4B0A-B166-E46F796F6551}.Release|Any CPU.ActiveCfg = Release|Any CPU
		{A8168DD5-E6D8-4B0A-B166-E46F796F6551}.Release|Any CPU.Build.0 = Release|Any CPU
		{BC076E52-8481-4359-A0C7-928A08BB7119}.Debug|Any CPU.ActiveCfg = Debug|Any CPU
		{BC076E52-8481-4359-A0C7-928A08BB7119}.Debug|Any CPU.Build.0 = Debug|Any CPU
		{BC076E52-8481-4359-A0C7-928A08BB7119}.Release|Any CPU.ActiveCfg = Release|Any CPU
		{BC076E52-8481-4359-A0C7-928A08BB7119}.Release|Any CPU.Build.0 = Release|Any CPU
		{320E69F8-6406-49D1-AB47-D8125E67804A}.Debug|Any CPU.ActiveCfg = Debug|Any CPU
		{320E69F8-6406-49D1-AB47-D8125E67804A}.Debug|Any CPU.Build.0 = Debug|Any CPU
		{320E69F8-6406-49D1-AB47-D8125E67804A}.Release|Any CPU.ActiveCfg = Release|Any CPU
		{320E69F8-6406-49D1-AB47-D8125E67804A}.Release|Any CPU.Build.0 = Release|Any CPU
	EndGlobalSection
	GlobalSection(SolutionProperties) = preSolution
		HideSolutionNode = FALSE
	EndGlobalSection
	GlobalSection(ExtensibilityGlobals) = postSolution
		SolutionGuid = {7F3A5E22-50D3-4A37-ABC5-EEE483074CE2}
	EndGlobalSection
EndGlobal
